
Microsoft Visual Studio Solution File, Format Version 12.00
# Visual Studio Version 17
VisualStudioVersion = 17.3.32929.385
MinimumVisualStudioVersion = 10.0.40219.1
Project("{9A19103F-16F7-4668-BE54-9A1E7A4F7556}") = "Domain", "Domain\Domain.csproj", "{D9F88734-09E1-4861-B43F-226A64CA1C34}"
EndProject
Project("{9A19103F-16F7-4668-BE54-9A1E7A4F7556}") = "Application", "Application\Application.csproj", "{58A19F38-0535-4136-993A-B87BC94D420C}"
EndProject
Project("{9A19103F-16F7-4668-BE54-9A1E7A4F7556}") = "Infrastructure", "Infrastructure\Infrastructure.csproj", "{0F5581BE-A260-4AD7-8BE6-8A38D817276C}"
EndProject
Project("{9A19103F-16F7-4668-BE54-9A1E7A4F7556}") = "CustomerWebApi", "WebApi\CustomerWebApi.csproj", "{0BF35C09-CC15-4471-B69D-9D26B420E250}"
EndProject
Project("{9A19103F-16F7-4668-BE54-9A1E7A4F7556}") = "CustomerData", "CustomerData\CustomerData.csproj", "{17ED23F1-EBAC-453D-9FB8-E357A03682E4}"
EndProject
Project("{2150E333-8FDC-42A3-9474-1A3956D46DE8}") = "APIs", "APIs", "{069E3C48-B435-4314-8BB1-D6D888214245}"
EndProject
Project("{2150E333-8FDC-42A3-9474-1A3956D46DE8}") = "Data", "Data", "{798FA411-41C2-49D6-9EC6-3CCE1E46E7FF}"
EndProject
Project("{9A19103F-16F7-4668-BE54-9A1E7A4F7556}") = "CanonicalCustomerData", "CanonicalCustomerData\CanonicalCustomerData.csproj", "{42A5F0CC-22AF-417A-9513-1804FA3CDB4D}"
EndProject
Project("{9A19103F-16F7-4668-BE54-9A1E7A4F7556}") = "CanonicalCustomerApi", "CanonicalCustomerApi\CanonicalCustomerApi.csproj", "{E01E1898-7010-46DD-B728-41AA951C1B6A}"
EndProject
Project("{2150E333-8FDC-42A3-9474-1A3956D46DE8}") = "Tests", "Tests", "{7ED36442-F891-4F2F-AFEC-D4A2C97E2C8F}"
EndProject
Project("{9A19103F-16F7-4668-BE54-9A1E7A4F7556}") = "ApplicationTests", "ApplicationTests\ApplicationTests.csproj", "{07593BBF-D2D5-425E-8FDA-E7E894030B99}"
EndProject
Project("{9A19103F-16F7-4668-BE54-9A1E7A4F7556}") = "InfrastructureTests", "InfrastructureTests\InfrastructureTests.csproj", "{42C4398C-43E0-4CC6-964D-CFEA975C8B8F}"
EndProject
Project("{FAE04EC0-301F-11D3-BF4B-00C04F79EFBC}") = "CustomerWebApiTests", "CustomerWebApiTests\CustomerWebApiTests.csproj", "{F5D6AD68-D3C6-432A-8338-EAFBB8053FDF}"
EndProject
Global
	GlobalSection(SolutionConfigurationPlatforms) = preSolution
		Debug|Any CPU = Debug|Any CPU
		Release|Any CPU = Release|Any CPU
	EndGlobalSection
	GlobalSection(ProjectConfigurationPlatforms) = postSolution
		{D9F88734-09E1-4861-B43F-226A64CA1C34}.Debug|Any CPU.ActiveCfg = Debug|Any CPU
		{D9F88734-09E1-4861-B43F-226A64CA1C34}.Debug|Any CPU.Build.0 = Debug|Any CPU
		{D9F88734-09E1-4861-B43F-226A64CA1C34}.Release|Any CPU.ActiveCfg = Release|Any CPU
		{D9F88734-09E1-4861-B43F-226A64CA1C34}.Release|Any CPU.Build.0 = Release|Any CPU
		{58A19F38-0535-4136-993A-B87BC94D420C}.Debug|Any CPU.ActiveCfg = Debug|Any CPU
		{58A19F38-0535-4136-993A-B87BC94D420C}.Debug|Any CPU.Build.0 = Debug|Any CPU
		{58A19F38-0535-4136-993A-B87BC94D420C}.Release|Any CPU.ActiveCfg = Release|Any CPU
		{58A19F38-0535-4136-993A-B87BC94D420C}.Release|Any CPU.Build.0 = Release|Any CPU
		{0F5581BE-A260-4AD7-8BE6-8A38D817276C}.Debug|Any CPU.ActiveCfg = Debug|Any CPU
		{0F5581BE-A260-4AD7-8BE6-8A38D817276C}.Debug|Any CPU.Build.0 = Debug|Any CPU
		{0F5581BE-A260-4AD7-8BE6-8A38D817276C}.Release|Any CPU.ActiveCfg = Release|Any CPU
		{0F5581BE-A260-4AD7-8BE6-8A38D817276C}.Release|Any CPU.Build.0 = Release|Any CPU
		{0BF35C09-CC15-4471-B69D-9D26B420E250}.Debug|Any CPU.ActiveCfg = Debug|Any CPU
		{0BF35C09-CC15-4471-B69D-9D26B420E250}.Debug|Any CPU.Build.0 = Debug|Any CPU
		{0BF35C09-CC15-4471-B69D-9D26B420E250}.Release|Any CPU.ActiveCfg = Release|Any CPU
		{0BF35C09-CC15-4471-B69D-9D26B420E250}.Release|Any CPU.Build.0 = Release|Any CPU
		{17ED23F1-EBAC-453D-9FB8-E357A03682E4}.Debug|Any CPU.ActiveCfg = Debug|Any CPU
		{17ED23F1-EBAC-453D-9FB8-E357A03682E4}.Debug|Any CPU.Build.0 = Debug|Any CPU
		{17ED23F1-EBAC-453D-9FB8-E357A03682E4}.Release|Any CPU.ActiveCfg = Release|Any CPU
		{17ED23F1-EBAC-453D-9FB8-E357A03682E4}.Release|Any CPU.Build.0 = Release|Any CPU
		{42A5F0CC-22AF-417A-9513-1804FA3CDB4D}.Debug|Any CPU.ActiveCfg = Debug|Any CPU
		{42A5F0CC-22AF-417A-9513-1804FA3CDB4D}.Debug|Any CPU.Build.0 = Debug|Any CPU
		{42A5F0CC-22AF-417A-9513-1804FA3CDB4D}.Release|Any CPU.ActiveCfg = Release|Any CPU
		{42A5F0CC-22AF-417A-9513-1804FA3CDB4D}.Release|Any CPU.Build.0 = Release|Any CPU
		{E01E1898-7010-46DD-B728-41AA951C1B6A}.Debug|Any CPU.ActiveCfg = Debug|Any CPU
		{E01E1898-7010-46DD-B728-41AA951C1B6A}.Debug|Any CPU.Build.0 = Debug|Any CPU
		{E01E1898-7010-46DD-B728-41AA951C1B6A}.Release|Any CPU.ActiveCfg = Release|Any CPU
		{E01E1898-7010-46DD-B728-41AA951C1B6A}.Release|Any CPU.Build.0 = Release|Any CPU
		{07593BBF-D2D5-425E-8FDA-E7E894030B99}.Debug|Any CPU.ActiveCfg = Debug|Any CPU
		{07593BBF-D2D5-425E-8FDA-E7E894030B99}.Debug|Any CPU.Build.0 = Debug|Any CPU
		{07593BBF-D2D5-425E-8FDA-E7E894030B99}.Release|Any CPU.ActiveCfg = Release|Any CPU
		{07593BBF-D2D5-425E-8FDA-E7E894030B99}.Release|Any CPU.Build.0 = Release|Any CPU
		{42C4398C-43E0-4CC6-964D-CFEA975C8B8F}.Debug|Any CPU.ActiveCfg = Debug|Any CPU
		{42C4398C-43E0-4CC6-964D-CFEA975C8B8F}.Debug|Any CPU.Build.0 = Debug|Any CPU
		{42C4398C-43E0-4CC6-964D-CFEA975C8B8F}.Release|Any CPU.ActiveCfg = Release|Any CPU
		{42C4398C-43E0-4CC6-964D-CFEA975C8B8F}.Release|Any CPU.Build.0 = Release|Any CPU
		{F5D6AD68-D3C6-432A-8338-EAFBB8053FDF}.Debug|Any CPU.ActiveCfg = Debug|Any CPU
		{F5D6AD68-D3C6-432A-8338-EAFBB8053FDF}.Debug|Any CPU.Build.0 = Debug|Any CPU
		{F5D6AD68-D3C6-432A-8338-EAFBB8053FDF}.Release|Any CPU.ActiveCfg = Release|Any CPU
		{F5D6AD68-D3C6-432A-8338-EAFBB8053FDF}.Release|Any CPU.Build.0 = Release|Any CPU
	EndGlobalSection
	GlobalSection(SolutionProperties) = preSolution
		HideSolutionNode = FALSE
	EndGlobalSection
	GlobalSection(NestedProjects) = preSolution
		{0BF35C09-CC15-4471-B69D-9D26B420E250} = {069E3C48-B435-4314-8BB1-D6D888214245}
		{17ED23F1-EBAC-453D-9FB8-E357A03682E4} = {798FA411-41C2-49D6-9EC6-3CCE1E46E7FF}
		{42A5F0CC-22AF-417A-9513-1804FA3CDB4D} = {798FA411-41C2-49D6-9EC6-3CCE1E46E7FF}
		{E01E1898-7010-46DD-B728-41AA951C1B6A} = {069E3C48-B435-4314-8BB1-D6D888214245}
		{07593BBF-D2D5-425E-8FDA-E7E894030B99} = {7ED36442-F891-4F2F-AFEC-D4A2C97E2C8F}
		{42C4398C-43E0-4CC6-964D-CFEA975C8B8F} = {7ED36442-F891-4F2F-AFEC-D4A2C97E2C8F}
		{F5D6AD68-D3C6-432A-8338-EAFBB8053FDF} = {7ED36442-F891-4F2F-AFEC-D4A2C97E2C8F}
	EndGlobalSection
	GlobalSection(ExtensibilityGlobals) = postSolution
		SolutionGuid = {1B07B780-FFD2-4B3E-B9B8-35DAAC19B26F}
	EndGlobalSection
EndGlobal
